
Microsoft Visual Studio Solution File, Format Version 12.00
# Visual Studio Version 17
VisualStudioVersion = 17.6.33723.286
MinimumVisualStudioVersion = 10.0.40219.1
Project("{FAE04EC0-301F-11D3-BF4B-00C04F79EFBC}") = "APIUsuarios", "APIUsuarios.csproj", "{2A39FE86-2F07-46FD-A2D2-A5530469C41D}"
EndProject
Global
	GlobalSection(SolutionConfigurationPlatforms) = preSolution
		Debug|Any CPU = Debug|Any CPU
		Release|Any CPU = Release|Any CPU
	EndGlobalSection
	GlobalSection(ProjectConfigurationPlatforms) = postSolution
		{2A39FE86-2F07-46FD-A2D2-A5530469C41D}.Debug|Any CPU.ActiveCfg = Debug|Any CPU
		{2A39FE86-2F07-46FD-A2D2-A5530469C41D}.Debug|Any CPU.Build.0 = Debug|Any CPU
		{2A39FE86-2F07-46FD-A2D2-A5530469C41D}.Release|Any CPU.ActiveCfg = Release|Any CPU
		{2A39FE86-2F07-46FD-A2D2-A5530469C41D}.Release|Any CPU.Build.0 = Release|Any CPU
	EndGlobalSection
	GlobalSection(SolutionProperties) = preSolution
		HideSolutionNode = FALSE
	EndGlobalSection
	GlobalSection(ExtensibilityGlobals) = postSolution
		SolutionGuid = {7054DDBE-5FBE-40F4-94B4-B8FC0FC6B5E1}
	EndGlobalSection
EndGlobal
